
Microsoft Visual Studio Solution File, Format Version 12.00
# Visual Studio Version 16
VisualStudioVersion = 25.0.1706.9
MinimumVisualStudioVersion = 10.0.40219.1
Project("{FAE04EC0-301F-11D3-BF4B-00C04F79EFBC}") = "calculadora", "calculadora\calculadora.csproj", "{62D5CAAE-02FC-418C-9722-12A2B09D11B4}"
EndProject
Global
	GlobalSection(SolutionConfigurationPlatforms) = preSolution
		Debug|Any CPU = Debug|Any CPU
		Release|Any CPU = Release|Any CPU
	EndGlobalSection
	GlobalSection(ProjectConfigurationPlatforms) = postSolution
		{62D5CAAE-02FC-418C-9722-12A2B09D11B4}.Debug|Any CPU.ActiveCfg = Debug|Any CPU
		{62D5CAAE-02FC-418C-9722-12A2B09D11B4}.Debug|Any CPU.Build.0 = Debug|Any CPU
		{62D5CAAE-02FC-418C-9722-12A2B09D11B4}.Release|Any CPU.ActiveCfg = Release|Any CPU
		{62D5CAAE-02FC-418C-9722-12A2B09D11B4}.Release|Any CPU.Build.0 = Release|Any CPU
	EndGlobalSection
	GlobalSection(SolutionProperties) = preSolution
		HideSolutionNode = FALSE
	EndGlobalSection
	GlobalSection(ExtensibilityGlobals) = postSolution
		SolutionGuid = {5A032DD3-EF13-4B83-982D-016727FC05C0}
	EndGlobalSection
EndGlobal
